
Microsoft Visual Studio Solution File, Format Version 12.00
# Visual Studio 15
VisualStudioVersion = 15.0.28307.489
MinimumVisualStudioVersion = 10.0.40219.1
Project("{FAE04EC0-301F-11D3-BF4B-00C04F79EFBC}") = "WpfApp3keybordhook", "WpfApp3keybordhook\WpfApp3keybordhook.csproj", "{B1707955-6940-4F6E-8FED-B7EA98CEA50A}"
EndProject
Global
	GlobalSection(SolutionConfigurationPlatforms) = preSolution
		Debug|Any CPU = Debug|Any CPU
		Release|Any CPU = Release|Any CPU
	EndGlobalSection
	GlobalSection(ProjectConfigurationPlatforms) = postSolution
		{B1707955-6940-4F6E-8FED-B7EA98CEA50A}.Debug|Any CPU.ActiveCfg = Debug|Any CPU
		{B1707955-6940-4F6E-8FED-B7EA98CEA50A}.Debug|Any CPU.Build.0 = Debug|Any CPU
		{B1707955-6940-4F6E-8FED-B7EA98CEA50A}.Release|Any CPU.ActiveCfg = Release|Any CPU
		{B1707955-6940-4F6E-8FED-B7EA98CEA50A}.Release|Any CPU.Build.0 = Release|Any CPU
	EndGlobalSection
	GlobalSection(SolutionProperties) = preSolution
		HideSolutionNode = FALSE
	EndGlobalSection
	GlobalSection(ExtensibilityGlobals) = postSolution
		SolutionGuid = {67927A83-FFBF-46F2-A391-27A8C256AC59}
	EndGlobalSection
EndGlobal
